
Microsoft Visual Studio Solution File, Format Version 12.00
# Visual Studio 14
VisualStudioVersion = 14.0.23107.0
MinimumVisualStudioVersion = 10.0.40219.1
Project("{2150E333-8FDC-42A3-9474-1A3956D46DE8}") = "Core", "Core", "{F98A62A9-A8B0-476F-A0E5-917C82C24E01}"
EndProject
Project("{FAE04EC0-301F-11D3-BF4B-00C04F79EFBC}") = "Core", "Core\Core\Core.csproj", "{AA3A3448-B950-4829-B866-33CF55BB467E}"
EndProject
Project("{FAE04EC0-301F-11D3-BF4B-00C04F79EFBC}") = "Core.Contracts", "Core\Core.Contracts\Core.Contracts.csproj", "{19698C0E-C836-4E8C-854E-030995AF8A2A}"
EndProject
Project("{FAE04EC0-301F-11D3-BF4B-00C04F79EFBC}") = "Core.Tests", "Core\Core.Tests\Core.Tests.csproj", "{D480BD6D-913F-4992-948D-9B7D94BEC6AE}"
EndProject
Project("{2150E333-8FDC-42A3-9474-1A3956D46DE8}") = "SampleTests", "SampleTests", "{91DE5A77-1E98-4433-BBAE-EEDBE1149A42}"
EndProject
Project("{FAE04EC0-301F-11D3-BF4B-00C04F79EFBC}") = "SampleTests", "SampleTests\SampleTests.csproj", "{17228912-8701-4FB7-92C9-7A2A5DA6F12C}"
EndProject
Project("{2150E333-8FDC-42A3-9474-1A3956D46DE8}") = "Framework", "Framework", "{3F79A795-4AF1-42C8-A9E2-27A7A35D48CE}"
EndProject
Project("{2150E333-8FDC-42A3-9474-1A3956D46DE8}") = "WebUi", "WebUi", "{6D437F99-C6A3-4B47-AD85-69272A0B7694}"
EndProject
Project("{FAE04EC0-301F-11D3-BF4B-00C04F79EFBC}") = "WebUi", "Framework\WebUi\WebUi.csproj", "{FC2A77E1-7733-427B-9E28-09C8108EEC85}"
EndProject
Project("{2150E333-8FDC-42A3-9474-1A3956D46DE8}") = "TestContext", "TestContext", "{E971AECC-33AE-4D2C-A951-916DA9BF481C}"
EndProject
Project("{FAE04EC0-301F-11D3-BF4B-00C04F79EFBC}") = "TestContext", "Framework\TestContext\TestContext\TestContext.csproj", "{FBCCF0C1-7946-43BE-9AB9-79C96CD7E3A4}"
EndProject
Global
	GlobalSection(SolutionConfigurationPlatforms) = preSolution
		Debug|Any CPU = Debug|Any CPU
		Release|Any CPU = Release|Any CPU
	EndGlobalSection
	GlobalSection(ProjectConfigurationPlatforms) = postSolution
		{AA3A3448-B950-4829-B866-33CF55BB467E}.Debug|Any CPU.ActiveCfg = Debug|Any CPU
		{AA3A3448-B950-4829-B866-33CF55BB467E}.Debug|Any CPU.Build.0 = Debug|Any CPU
		{AA3A3448-B950-4829-B866-33CF55BB467E}.Release|Any CPU.ActiveCfg = Release|Any CPU
		{AA3A3448-B950-4829-B866-33CF55BB467E}.Release|Any CPU.Build.0 = Release|Any CPU
		{19698C0E-C836-4E8C-854E-030995AF8A2A}.Debug|Any CPU.ActiveCfg = Debug|Any CPU
		{19698C0E-C836-4E8C-854E-030995AF8A2A}.Debug|Any CPU.Build.0 = Debug|Any CPU
		{19698C0E-C836-4E8C-854E-030995AF8A2A}.Release|Any CPU.ActiveCfg = Release|Any CPU
		{19698C0E-C836-4E8C-854E-030995AF8A2A}.Release|Any CPU.Build.0 = Release|Any CPU
		{D480BD6D-913F-4992-948D-9B7D94BEC6AE}.Debug|Any CPU.ActiveCfg = Debug|Any CPU
		{D480BD6D-913F-4992-948D-9B7D94BEC6AE}.Debug|Any CPU.Build.0 = Debug|Any CPU
		{D480BD6D-913F-4992-948D-9B7D94BEC6AE}.Release|Any CPU.ActiveCfg = Release|Any CPU
		{D480BD6D-913F-4992-948D-9B7D94BEC6AE}.Release|Any CPU.Build.0 = Release|Any CPU
		{17228912-8701-4FB7-92C9-7A2A5DA6F12C}.Debug|Any CPU.ActiveCfg = Debug|Any CPU
		{17228912-8701-4FB7-92C9-7A2A5DA6F12C}.Debug|Any CPU.Build.0 = Debug|Any CPU
		{17228912-8701-4FB7-92C9-7A2A5DA6F12C}.Release|Any CPU.ActiveCfg = Release|Any CPU
		{17228912-8701-4FB7-92C9-7A2A5DA6F12C}.Release|Any CPU.Build.0 = Release|Any CPU
		{FC2A77E1-7733-427B-9E28-09C8108EEC85}.Debug|Any CPU.ActiveCfg = Debug|Any CPU
		{FC2A77E1-7733-427B-9E28-09C8108EEC85}.Debug|Any CPU.Build.0 = Debug|Any CPU
		{FC2A77E1-7733-427B-9E28-09C8108EEC85}.Release|Any CPU.ActiveCfg = Release|Any CPU
		{FC2A77E1-7733-427B-9E28-09C8108EEC85}.Release|Any CPU.Build.0 = Release|Any CPU
		{FBCCF0C1-7946-43BE-9AB9-79C96CD7E3A4}.Debug|Any CPU.ActiveCfg = Debug|Any CPU
		{FBCCF0C1-7946-43BE-9AB9-79C96CD7E3A4}.Debug|Any CPU.Build.0 = Debug|Any CPU
		{FBCCF0C1-7946-43BE-9AB9-79C96CD7E3A4}.Release|Any CPU.ActiveCfg = Release|Any CPU
		{FBCCF0C1-7946-43BE-9AB9-79C96CD7E3A4}.Release|Any CPU.Build.0 = Release|Any CPU
	EndGlobalSection
	GlobalSection(SolutionProperties) = preSolution
		HideSolutionNode = FALSE
	EndGlobalSection
	GlobalSection(NestedProjects) = preSolution
		{AA3A3448-B950-4829-B866-33CF55BB467E} = {F98A62A9-A8B0-476F-A0E5-917C82C24E01}
		{19698C0E-C836-4E8C-854E-030995AF8A2A} = {F98A62A9-A8B0-476F-A0E5-917C82C24E01}
		{D480BD6D-913F-4992-948D-9B7D94BEC6AE} = {F98A62A9-A8B0-476F-A0E5-917C82C24E01}
		{17228912-8701-4FB7-92C9-7A2A5DA6F12C} = {91DE5A77-1E98-4433-BBAE-EEDBE1149A42}
		{6D437F99-C6A3-4B47-AD85-69272A0B7694} = {3F79A795-4AF1-42C8-A9E2-27A7A35D48CE}
		{FC2A77E1-7733-427B-9E28-09C8108EEC85} = {6D437F99-C6A3-4B47-AD85-69272A0B7694}
		{E971AECC-33AE-4D2C-A951-916DA9BF481C} = {3F79A795-4AF1-42C8-A9E2-27A7A35D48CE}
		{FBCCF0C1-7946-43BE-9AB9-79C96CD7E3A4} = {E971AECC-33AE-4D2C-A951-916DA9BF481C}
	EndGlobalSection
EndGlobal
